
Microsoft Visual Studio Solution File, Format Version 12.00
# Visual Studio Version 16
VisualStudioVersion = 16.0.30309.148
MinimumVisualStudioVersion = 10.0.40219.1
Project("{FAE04EC0-301F-11D3-BF4B-00C04F79EFBC}") = "AuthSystem", "AuthSystem\AuthSystem.csproj", "{28F6776C-917D-4204-948C-DFA603E217E5}"
EndProject
Global
	GlobalSection(SolutionConfigurationPlatforms) = preSolution
		Debug|Any CPU = Debug|Any CPU
		Release|Any CPU = Release|Any CPU
	EndGlobalSection
	GlobalSection(ProjectConfigurationPlatforms) = postSolution
		{28F6776C-917D-4204-948C-DFA603E217E5}.Debug|Any CPU.ActiveCfg = Debug|Any CPU
		{28F6776C-917D-4204-948C-DFA603E217E5}.Debug|Any CPU.Build.0 = Debug|Any CPU
		{28F6776C-917D-4204-948C-DFA603E217E5}.Release|Any CPU.ActiveCfg = Release|Any CPU
		{28F6776C-917D-4204-948C-DFA603E217E5}.Release|Any CPU.Build.0 = Release|Any CPU
	EndGlobalSection
	GlobalSection(SolutionProperties) = preSolution
		HideSolutionNode = FALSE
	EndGlobalSection
	GlobalSection(ExtensibilityGlobals) = postSolution
		SolutionGuid = {D5A731A9-D110-4CA3-A0F5-C34F9DBF565E}
	EndGlobalSection
EndGlobal
